
Microsoft Visual Studio Solution File, Format Version 12.00
# Visual Studio Version 17
VisualStudioVersion = 17.14.36408.4 d17.14
MinimumVisualStudioVersion = 10.0.40219.1
Project("{FAE04EC0-301F-11D3-BF4B-00C04F79EFBC}") = "Code Generator", "Code Generator.csproj", "{C57B0DA0-9E90-4342-A668-A601993C5A35}"
EndProject
Project("{FAE04EC0-301F-11D3-BF4B-00C04F79EFBC}") = "DataLayer", "..\DataLayer\DataLayer.csproj", "{56B40BBD-5153-4B73-8C08-EEE04A6D6DE9}"
EndProject
Project("{FAE04EC0-301F-11D3-BF4B-00C04F79EFBC}") = "BusinessLayer", "..\BusinessLayer\BusinessLayer.csproj", "{58686FEA-63E7-44EC-85F5-384F1EDD04D9}"
EndProject
Global
	GlobalSection(SolutionConfigurationPlatforms) = preSolution
		Debug|Any CPU = Debug|Any CPU
		Release|Any CPU = Release|Any CPU
	EndGlobalSection
	GlobalSection(ProjectConfigurationPlatforms) = postSolution
		{C57B0DA0-9E90-4342-A668-A601993C5A35}.Debug|Any CPU.ActiveCfg = Debug|Any CPU
		{C57B0DA0-9E90-4342-A668-A601993C5A35}.Debug|Any CPU.Build.0 = Debug|Any CPU
		{C57B0DA0-9E90-4342-A668-A601993C5A35}.Release|Any CPU.ActiveCfg = Release|Any CPU
		{C57B0DA0-9E90-4342-A668-A601993C5A35}.Release|Any CPU.Build.0 = Release|Any CPU
		{56B40BBD-5153-4B73-8C08-EEE04A6D6DE9}.Debug|Any CPU.ActiveCfg = Debug|Any CPU
		{56B40BBD-5153-4B73-8C08-EEE04A6D6DE9}.Debug|Any CPU.Build.0 = Debug|Any CPU
		{56B40BBD-5153-4B73-8C08-EEE04A6D6DE9}.Release|Any CPU.ActiveCfg = Release|Any CPU
		{56B40BBD-5153-4B73-8C08-EEE04A6D6DE9}.Release|Any CPU.Build.0 = Release|Any CPU
		{58686FEA-63E7-44EC-85F5-384F1EDD04D9}.Debug|Any CPU.ActiveCfg = Debug|Any CPU
		{58686FEA-63E7-44EC-85F5-384F1EDD04D9}.Debug|Any CPU.Build.0 = Debug|Any CPU
		{58686FEA-63E7-44EC-85F5-384F1EDD04D9}.Release|Any CPU.ActiveCfg = Release|Any CPU
		{58686FEA-63E7-44EC-85F5-384F1EDD04D9}.Release|Any CPU.Build.0 = Release|Any CPU
	EndGlobalSection
	GlobalSection(SolutionProperties) = preSolution
		HideSolutionNode = FALSE
	EndGlobalSection
	GlobalSection(ExtensibilityGlobals) = postSolution
		SolutionGuid = {5B96904A-C8B0-456E-A0C0-36F0757BD64A}
	EndGlobalSection
EndGlobal
